
Microsoft Visual Studio Solution File, Format Version 12.00
Project("{FAE04EC0-301F-11D3-BF4B-00C04F79EFBC}") = "BasketService", "BasketService\BasketService.csproj", "{BEE0D06B-67A5-4174-877A-4DF6A8BA1581}"
EndProject
Global
	GlobalSection(SolutionConfigurationPlatforms) = preSolution
		Debug|Any CPU = Debug|Any CPU
		Release|Any CPU = Release|Any CPU
	EndGlobalSection
	GlobalSection(ProjectConfigurationPlatforms) = postSolution
		{BEE0D06B-67A5-4174-877A-4DF6A8BA1581}.Debug|Any CPU.ActiveCfg = Debug|Any CPU
		{BEE0D06B-67A5-4174-877A-4DF6A8BA1581}.Debug|Any CPU.Build.0 = Debug|Any CPU
		{BEE0D06B-67A5-4174-877A-4DF6A8BA1581}.Release|Any CPU.ActiveCfg = Release|Any CPU
		{BEE0D06B-67A5-4174-877A-4DF6A8BA1581}.Release|Any CPU.Build.0 = Release|Any CPU
	EndGlobalSection
EndGlobal
