
Microsoft Visual Studio Solution File, Format Version 12.00
Project("{FAE04EC0-301F-11D3-BF4B-00C04F79EFBC}") = "BasketService.API", "BasketService.API\BasketService.API.csproj", "{1D04D687-ADA9-4A3B-8B78-4B8FDA83DE00}"
EndProject
Project("{FAE04EC0-301F-11D3-BF4B-00C04F79EFBC}") = "BasketService.Infrastructure", "BasketService.Infrastructure\BasketService.Infrastructure.csproj", "{9BBE6744-A9D4-42D1-B785-52FCE1EEDD5E}"
EndProject
Project("{FAE04EC0-301F-11D3-BF4B-00C04F79EFBC}") = "BasketService.Domain", "BasketService.Domain\BasketService.Domain.csproj", "{872B4BE3-9D6D-46B3-BF01-E8C09CB0FF5F}"
EndProject
Project("{FAE04EC0-301F-11D3-BF4B-00C04F79EFBC}") = "BasketService.Application", "BasketService.Application\BasketService.Application.csproj", "{94D2004F-56D5-4FD6-8289-AC7C9CFBAB7E}"
EndProject
Global
	GlobalSection(SolutionConfigurationPlatforms) = preSolution
		Debug|Any CPU = Debug|Any CPU
		Release|Any CPU = Release|Any CPU
	EndGlobalSection
	GlobalSection(ProjectConfigurationPlatforms) = postSolution
		{1D04D687-ADA9-4A3B-8B78-4B8FDA83DE00}.Debug|Any CPU.ActiveCfg = Debug|Any CPU
		{1D04D687-ADA9-4A3B-8B78-4B8FDA83DE00}.Debug|Any CPU.Build.0 = Debug|Any CPU
		{1D04D687-ADA9-4A3B-8B78-4B8FDA83DE00}.Release|Any CPU.ActiveCfg = Release|Any CPU
		{1D04D687-ADA9-4A3B-8B78-4B8FDA83DE00}.Release|Any CPU.Build.0 = Release|Any CPU
		{9BBE6744-A9D4-42D1-B785-52FCE1EEDD5E}.Debug|Any CPU.ActiveCfg = Debug|Any CPU
		{9BBE6744-A9D4-42D1-B785-52FCE1EEDD5E}.Debug|Any CPU.Build.0 = Debug|Any CPU
		{9BBE6744-A9D4-42D1-B785-52FCE1EEDD5E}.Release|Any CPU.ActiveCfg = Release|Any CPU
		{9BBE6744-A9D4-42D1-B785-52FCE1EEDD5E}.Release|Any CPU.Build.0 = Release|Any CPU
		{872B4BE3-9D6D-46B3-BF01-E8C09CB0FF5F}.Debug|Any CPU.ActiveCfg = Debug|Any CPU
		{872B4BE3-9D6D-46B3-BF01-E8C09CB0FF5F}.Debug|Any CPU.Build.0 = Debug|Any CPU
		{872B4BE3-9D6D-46B3-BF01-E8C09CB0FF5F}.Release|Any CPU.ActiveCfg = Release|Any CPU
		{872B4BE3-9D6D-46B3-BF01-E8C09CB0FF5F}.Release|Any CPU.Build.0 = Release|Any CPU
		{94D2004F-56D5-4FD6-8289-AC7C9CFBAB7E}.Debug|Any CPU.ActiveCfg = Debug|Any CPU
		{94D2004F-56D5-4FD6-8289-AC7C9CFBAB7E}.Debug|Any CPU.Build.0 = Debug|Any CPU
		{94D2004F-56D5-4FD6-8289-AC7C9CFBAB7E}.Release|Any CPU.ActiveCfg = Release|Any CPU
		{94D2004F-56D5-4FD6-8289-AC7C9CFBAB7E}.Release|Any CPU.Build.0 = Release|Any CPU
	EndGlobalSection
EndGlobal
